# This file is automatically @generated by Cargo.
# It is not intended for manual editing.
version = 4

[[package]]
name = "arrays_and_hashing"
version = "0.1.0"

[[package]]
name = "backtracking"
version = "0.1.0"

[[package]]
name = "binary_search"
version = "0.1.0"

[[package]]
name = "bit_manipulation"
version = "0.1.0"

[[package]]
name = "dynamic_programming"
version = "0.1.0"

[[package]]
name = "graphs"
version = "0.1.0"

[[package]]
name = "greedy"
version = "0.1.0"

[[package]]
name = "heap_priority_queue"
version = "0.1.0"

[[package]]
name = "intervals"
version = "0.1.0"

[[package]]
name = "linked_list"
version = "0.1.0"

[[package]]
name = "math_and_geometry"
version = "0.1.0"

[[package]]
name = "monotonic_stack"
version = "0.1.0"

[[package]]
name = "sliding_window"
version = "0.1.0"

[[package]]
name = "stack"
version = "0.1.0"

[[package]]
name = "trees"
version = "0.1.0"

[[package]]
name = "trie"
version = "0.1.0"

[[package]]
name = "two_pointers"
version = "0.1.0"

[[package]]
name = "union_find"
version = "0.1.0"
